github.com/brianvoe/gofakeit/v7 v7.3.0 h1:TWStf7/lLpAjKw+bqwzeORo9jvrxToWEwp9b1J2vApQ=
github.com/brianvoe/gofakeit/v7 v7.3.0/go.mod h1:QXuPeBw164PJCzCUZVmgpgHJ3Llj49jSLVkKPMtxtxA=
github.com/brianvoe/gofakeit/v7 v7.14.0 h1:R8tmT/rTDJmD2ngpqBL9rAKydiL7Qr2u3CXPqRt59pk=
github.com/brianvoe/gofakeit/v7 v7.14.0/go.mod h1:QXuPeBw164PJCzCUZVmgpgHJ3Llj49jSLVkKPMtxtxA=
github.com/bsm/ginkgo/v2 v2.12.0 h1:Ny8MWAHyOepLGlLKYmXG4IEkioBysk6GpaRTLC8zwWs=
github.com/bsm/ginkgo/v2 v2.12.0/go.mod h1:SwYbGRRDovPVboqFv0tPTcG1sN61LM1Z4ARdbAV9g4c=
github.com/bsm/gomega v1.27.10 h1:yeMWxP2pV2fG3FgAODIY8EiRE3dy0aeFYt4l7wh6yKA=
github.com/bsm/gomega v1.27.10/go.mod h1:JyEr/xRbxbtgWNi8tIEVPUYZ5Dzef52k01W3YH0H+O0=
github.com/cespare/xxhash/v2 v2.3.0 h1:UL815xU9SqsFlibzuggzjXhog7bL6oX9BbNZnL2UFvs=
github.com/cespare/xxhash/v2 v2.3.0/go.mod h1:VGX0DQ3Q6kWi7AoAeZDth3/j3BFtOZR5XLFGgcrjCOs=
github.com/davecgh/go-spew v1.1.1 h1:vj9j/u1bqnvCEfJOwUhtlOARqs3+rkHYY13jYWTU97c=
github.com/davecgh/go-spew v1.1.1/go.mod h1:J7Y8YcW2NihsgmVo/mv3lAwl/skON4iLHjSsI+c5H38=
github.com/dgryski/go-rendezvous v0.0.0-20200823014737-9f7001d12a5f h1:lO4WD4F/rVNCu3HqELle0jiPLLBs70cWOduZpkS1E78=
github.com/dgryski/go-rendezvous v0.0.0-20200823014737-9f7001d12a5f/go.mod h1:cuUVRXasLTGF7a8hSLbxyZXjz+1KgoB3wDUb6vlszIc=
github.com/google/uuid v1.6.0 h1:NIvaJDMOsjHA8n1jAhLSgzrAzy1Hgr+hNrb57e+94F0=
github.com/google/uuid v1.6.0/go.mod h1:TIyPZe4MgqvfeYDBFedMoGGpEw/LqOeaOT+nhxU+yHo=
github.com/pmezard/go-difflib v1.0.0 h1:4DBwDE0NGyQoBHbLQYPwSUPoCMWR5BEzIk/f1lZbAQM=
github.com/pmezard/go-difflib v1.0.0/go.mod h1:iKH77koFhYxTK1pcRnkKkqfTogsbg7gZNVY4sRDYZ/4=
github.com/ra-company/database v1.0.8 h1:mR5F0fzr65mdQpN14K4NcF0IXf/mD+TjP7TfSgx2tAY=
github.com/ra-company/database v1.0.8/go.mod h1:TTaEUpdAvbgDVvD8RRgO3hJO3ZFBi3DxlsjwCA78bTE=
github.com/ra-company/database v1.0.9 h1:od/K28HdVvDxB4JSM2ydaizoFKDit4qYIO7fMgTT2vQ=
github.com/ra-company/database v1.0.9/go.mod h1:eOgLSAFAU6YQItihpPhqXbc8hDEXl5azIh3A5V5Yf7g=
github.com/ra-company/database v1.0.10 h1:LlCWKyhU2jkReV4+bTt9oGFh2ZiqTBEy/UvzMOriOqw=
github.com/ra-company/database v1.0.10/go.mod h1:H19F+lrN6tNW0n3oesy+KeD+YIhEsYMG+GdRWmBc92s=
github.com/ra-company/database v1.0.12 h1:zecZiAbgISPUmSsRAQUuOg4j1gONlxpfzU08dpc2YrQ=
github.com/ra-company/database v1.0.12/go.mod h1:j6cqXu5CqSDcqcqmEjWJQXkYrOCtXvnQS1N31GgLqaY=
github.com/ra-company/env v1.0.1 h1:wDV9NtgvJzDx9/0jbB/+EWvKbE0ZVjAemuWxrDHw9qw=
github.com/ra-company/env v1.0.1/go.mod h1:Wnr6DHulEi5q4F3h0AVC1R249vVV5B26kSs7190/jTI=
github.com/ra-company/env v1.0.2 h1:T/Den1sm1J5wmDgvV9qwhQBuXeJpmNhbCTfeGdpxYKo=
github.com/ra-company/env v1.0.2/go.mod h1:+Vs7ReweATBX+kV+6MpJJqdnbaIEmU+RYiY1/rQPLZo=
github.com/ra-company/logging v1.0.6 h1:7pDmbgYffFcOxIiqPp2FOngg9kd//yS6fY0YiCZAE18=
github.com/ra-company/logging v1.0.6/go.mod h1:9HN/tvHlexXKBgcRLvwrEcFawMpjPfzPDRD9cApKn3A=
github.com/ra-company/logging v1.0.7 h1:EMacMoF/cO7so5FI+qqfwrhQ6V2p9o8aGaYcfCrzZHw=
github.com/ra-company/logging v1.0.7/go.mod h1:tunpJZ5cXg5++tc9gFHgZlXgjSb1GQi1FI7Oe23FKD0=
github.com/ra-company/logging v1.0.9 h1:gWIOcBPm32j85rXwAjVD093IxjDzdzSRPKwdJldNopY=
github.com/ra-company/logging v1.0.9/go.mod h1:ya2r+5CKMWeFtNMYxIGJxBCDtG/AMC+hHrPz07+u208=
github.com/redis/go-redis/v9 v9.12.1 h1:k5iquqv27aBtnTm2tIkROUDp8JBXhXZIVu1InSgvovg=
github.com/redis/go-redis/v9 v9.12.1/go.mod h1:huWgSWd8mW6+m0VPhJjSSQ+d6Nh1VICQ6Q5lHuCH/Iw=
github.com/redis/go-redis/v9 v9.17.2 h1:P2EGsA4qVIM3Pp+aPocCJ7DguDHhqrXNhVcEp4ViluI=
github.com/redis/go-redis/v9 v9.17.2/go.mod h1:u410H11HMLoB+TP67dz8rL9s6QW2j76l0//kSOd3370=
github.com/stretchr/testify v1.10.0 h1:Xv5erBjTwe/5IxqUQTdXv5kgmIvbHo3QQyRwhJsOfJA=
github.com/stretchr/testify v1.10.0/go.mod h1:r2ic/lqez/lEtzL7wO/rwa5dbSLXVDPFyf8C91i36aY=
github.com/stretchr/testify v1.11.1 h1:7s2iGBzp5EwR7/aIZr8ao5+dra3wiQyKjjFuvgVKu7U=
github.com/stretchr/testify v1.11.1/go.mod h1:wZwfW3scLgRK+23gO65QZefKpKQRnfz6sD981Nm4B6U=
gopkg.in/Graylog2/go-gelf.v2 v2.0.0-20191017102106-1550ee647df0 h1:Xg23ydYYJLmb9AK3XdcEpplHZd1MpN3X2ZeeMoBClmY=
gopkg.in/Graylog2/go-gelf.v2 v2.0.0-20191017102106-1550ee647df0/go.mod h1:CeDeqW4tj9FrgZXF/dQCWZrBdcZWWBenhJtxLH4On2g=
gopkg.in/check.v1 v0.0.0-20161208181325-20d25e280405 h1:yhCVgyC4o1eVCa2tZl7eS0r+SDo693bJlVdllGtEeKM=
gopkg.in/check.v1 v0.0.0-20161208181325-20d25e280405/go.mod h1:Co6ibVJAznAaIkqp8huTwlJQCZ016jof/cbN4VW5Yz0=
gopkg.in/yaml.v3 v3.0.1 h1:fxVm/GzAzEWqLHuvctI91KS9hhNmmWOoWu0XTYJS7CA=
gopkg.in/yaml.v3 v3.0.1/go.mod h1:K4uyk7z7BCEPqu6E+C64Yfv1cQ7kz7rIZviUmN+EgEM=
